// !$*UTF8*$!
{
	archiveVersion = 1;
	classes = {
	};
	objectVersion = 56;
	objects = {

/* Begin PBXBuildFile section */
		D33210212A2790A500607F04 /* Classic_CalcApp.swift in Sources */ = {isa = PBXBuildFile; fileRef = D33210202A2790A500607F04 /* Classic_CalcApp.swift */; };
		D33210232A2790A500607F04 /* ContentView.swift in Sources */ = {isa = PBXBuildFile; fileRef = D33210222A2790A500607F04 /* ContentView.swift */; };
		D33210252A2790A700607F04 /* Assets.xcassets in Resources */ = {isa = PBXBuildFile; fileRef = D33210242A2790A700607F04 /* Assets.xcassets */; };
		D33210282A2790A700607F04 /* Preview Assets.xcassets in Resources */ = {isa = PBXBuildFile; fileRef = D33210272A2790A700607F04 /* Preview Assets.xcassets */; };
		D33210302A27916000607F04 /* AppIcon.appiconset in Resources */ = {isa = PBXBuildFile; fileRef = D332102F2A27916000607F04 /* AppIcon.appiconset */; };
		D33D24C22A2CEC89003E9DC4 /* MathParser in Frameworks */ = {isa = PBXBuildFile; productRef = D33D24C12A2CEC89003E9DC4 /* MathParser */; };
		D3C03A4D2A2BF7B000AF6893 /* AppLogic.swift in Sources */ = {isa = PBXBuildFile; fileRef = D3C03A4C2A2BF7B000AF6893 /* AppLogic.swift */; };
/* End PBXBuildFile section */

/* Begin PBXFileReference section */
		D332101D2A2790A500607F04 /* Classic Calc.app */ = {isa = PBXFileReference; explicitFileType = wrapper.application; includeInIndex = 0; path = "Classic Calc.app"; sourceTree = BUILT_PRODUCTS_DIR; };
		D33210202A2790A500607F04 /* Classic_CalcApp.swift */ = {isa = PBXFileReference; lastKnownFileType = sourcecode.swift; path = Classic_CalcApp.swift; sourceTree = "<group>"; };
		D33210222A2790A500607F04 /* ContentView.swift */ = {isa = PBXFileReference; lastKnownFileType = sourcecode.swift; path = ContentView.swift; sourceTree = "<group>"; };
		D33210242A2790A700607F04 /* Assets.xcassets */ = {isa = PBXFileReference; lastKnownFileType = folder.assetcatalog; path = Assets.xcassets; sourceTree = "<group>"; };
		D33210272A2790A700607F04 /* Preview Assets.xcassets */ = {isa = PBXFileReference; lastKnownFileType = folder.assetcatalog; path = "Preview Assets.xcassets"; sourceTree = "<group>"; };
		D33210292A2790A700607F04 /* Classic_Calc.entitlements */ = {isa = PBXFileReference; lastKnownFileType = text.plist.entitlements; path = Classic_Calc.entitlements; sourceTree = "<group>"; };
		D332102F2A27916000607F04 /* AppIcon.appiconset */ = {isa = PBXFileReference; lastKnownFileType = folder; path = AppIcon.appiconset; sourceTree = "<group>"; };
		D33D24C32A2CECA9003E9DC4 /* README.md */ = {isa = PBXFileReference; lastKnownFileType = net.daringfireball.markdown; path = README.md; sourceTree = "<group>"; };
		D3C03A4C2A2BF7B000AF6893 /* AppLogic.swift */ = {isa = PBXFileReference; lastKnownFileType = sourcecode.swift; path = AppLogic.swift; sourceTree = "<group>"; };
/* End PBXFileReference section */

/* Begin PBXFrameworksBuildPhase section */
		D332101A2A2790A500607F04 /* Frameworks */ = {
			isa = PBXFrameworksBuildPhase;
			buildActionMask = 2147483647;
			files = (
				D33D24C22A2CEC89003E9DC4 /* MathParser in Frameworks */,
			);
			runOnlyForDeploymentPostprocessing = 0;
		};
/* End PBXFrameworksBuildPhase section */

/* Begin PBXGroup section */
		D33210142A2790A500607F04 = {
			isa = PBXGroup;
			children = (
				D33D24C32A2CECA9003E9DC4 /* README.md */,
				D332101F2A2790A500607F04 /* Classic Calc */,
				D332101E2A2790A500607F04 /* Products */,
			);
			sourceTree = "<group>";
		};
		D332101E2A2790A500607F04 /* Products */ = {
			isa = PBXGroup;
			children = (
				D332101D2A2790A500607F04 /* Classic Calc.app */,
			);
			name = Products;
			sourceTree = "<group>";
		};
		D332101F2A2790A500607F04 /* Classic Calc */ = {
			isa = PBXGroup;
			children = (
				D33210202A2790A500607F04 /* Classic_CalcApp.swift */,
				D33210222A2790A500607F04 /* ContentView.swift */,
				D332102F2A27916000607F04 /* AppIcon.appiconset */,
				D33210242A2790A700607F04 /* Assets.xcassets */,
				D33210292A2790A700607F04 /* Classic_Calc.entitlements */,
				D33210262A2790A700607F04 /* Preview Content */,
				D3C03A4C2A2BF7B000AF6893 /* AppLogic.swift */,
			);
			path = "Classic Calc";
			sourceTree = "<group>";
		};
		D33210262A2790A700607F04 /* Preview Content */ = {
			isa = PBXGroup;
			children = (
				D33210272A2790A700607F04 /* Preview Assets.xcassets */,
			);
			path = "Preview Content";
			sourceTree = "<group>";
		};
/* End PBXGroup section */

/* Begin PBXNativeTarget section */
		D332101C2A2790A500607F04 /* Classic Calc */ = {
			isa = PBXNativeTarget;
			buildConfigurationList = D332102C2A2790A700607F04 /* Build configuration list for PBXNativeTarget "Classic Calc" */;
			buildPhases = (
				D33210192A2790A500607F04 /* Sources */,
				D332101A2A2790A500607F04 /* Frameworks */,
				D332101B2A2790A500607F04 /* Resources */,
			);
			buildRules = (
			);
			dependencies = (
			);
			name = "Classic Calc";
			packageProductDependencies = (
				D33D24C12A2CEC89003E9DC4 /* MathParser */,
			);
			productName = "Classic Calc";
			productReference = D332101D2A2790A500607F04 /* Classic Calc.app */;
			productType = "com.apple.product-type.application";
		};
/* End PBXNativeTarget section */

/* Begin PBXProject section */
		D33210152A2790A500607F04 /* Project object */ = {
			isa = PBXProject;
			attributes = {
				BuildIndependentTargetsInParallel = 1;
				LastSwiftUpdateCheck = 1430;
				LastUpgradeCheck = 1430;
				TargetAttributes = {
					D332101C2A2790A500607F04 = {
						CreatedOnToolsVersion = 14.3;
					};
				};
			};
			buildConfigurationList = D33210182A2790A500607F04 /* Build configuration list for PBXProject "Classic Calc" */;
			compatibilityVersion = "Xcode 14.0";
			developmentRegion = en;
			hasScannedForEncodings = 0;
			knownRegions = (
				en,
				Base,
			);
			mainGroup = D33210142A2790A500607F04;
			packageReferences = (
				D33D24C02A2CEC89003E9DC4 /* XCRemoteSwiftPackageReference "swift-math-parser" */,
			);
			productRefGroup = D332101E2A2790A500607F04 /* Products */;
			projectDirPath = "";
			projectRoot = "";
			targets = (
				D332101C2A2790A500607F04 /* Classic Calc */,
			);
		};
/* End PBXProject section */

/* Begin PBXResourcesBuildPhase section */
		D332101B2A2790A500607F04 /* Resources */ = {
			isa = PBXResourcesBuildPhase;
			buildActionMask = 2147483647;
			files = (
				D33210282A2790A700607F04 /* Preview Assets.xcassets in Resources */,
				D33210302A27916000607F04 /* AppIcon.appiconset in Resources */,
				D33210252A2790A700607F04 /* Assets.xcassets in Resources */,
			);
			runOnlyForDeploymentPostprocessing = 0;
		};
/* End PBXResourcesBuildPhase section */

/* Begin PBXSourcesBuildPhase section */
		D33210192A2790A500607F04 /* Sources */ = {
			isa = PBXSourcesBuildPhase;
			buildActionMask = 2147483647;
			files = (
				D3C03A4D2A2BF7B000AF6893 /* AppLogic.swift in Sources */,
				D33210232A2790A500607F04 /* ContentView.swift in Sources */,
				D33210212A2790A500607F04 /* Classic_CalcApp.swift in Sources */,
			);
			runOnlyForDeploymentPostprocessing = 0;
		};
/* End PBXSourcesBuildPhase section */

/* Begin XCBuildConfiguration section */
		D332102A2A2790A700607F04 /* Debug */ = {
			isa = XCBuildConfiguration;
			buildSettings = {
				ALWAYS_SEARCH_USER_PATHS = NO;
				CLANG_ANALYZER_NONNULL = YES;
				CLANG_ANALYZER_NUMBER_OBJECT_CONVERSION = YES_AGGRESSIVE;
				CLANG_CXX_LANGUAGE_STANDARD = "gnu++20";
				CLANG_ENABLE_MODULES = YES;
				CLANG_ENABLE_OBJC_ARC = YES;
				CLANG_ENABLE_OBJC_WEAK = YES;
				CLANG_WARN_BLOCK_CAPTURE_AUTORELEASING = YES;
				CLANG_WARN_BOOL_CONVERSION = YES;
				CLANG_WARN_COMMA = YES;
				CLANG_WARN_CONSTANT_CONVERSION = YES;
				CLANG_WARN_DEPRECATED_OBJC_IMPLEMENTATIONS = YES;
				CLANG_WARN_DIRECT_OBJC_ISA_USAGE = YES_ERROR;
				CLANG_WARN_DOCUMENTATION_COMMENTS = YES;
				CLANG_WARN_EMPTY_BODY = YES;
				CLANG_WARN_ENUM_CONVERSION = YES;
				CLANG_WARN_INFINITE_RECURSION = YES;
				CLANG_WARN_INT_CONVERSION = YES;
				CLANG_WARN_NON_LITERAL_NULL_CONVERSION = YES;
				CLANG_WARN_OBJC_IMPLICIT_RETAIN_SELF = YES;
				CLANG_WARN_OBJC_LITERAL_CONVERSION = YES;
				CLANG_WARN_OBJC_ROOT_CLASS = YES_ERROR;
				CLANG_WARN_QUOTED_INCLUDE_IN_FRAMEWORK_HEADER = YES;
				CLANG_WARN_RANGE_LOOP_ANALYSIS = YES;
				CLANG_WARN_STRICT_PROTOTYPES = YES;
				CLANG_WARN_SUSPICIOUS_MOVE = YES;
				CLANG_WARN_UNGUARDED_AVAILABILITY = YES_AGGRESSIVE;
				CLANG_WARN_UNREACHABLE_CODE = YES;
				CLANG_WARN__DUPLICATE_METHOD_MATCH = YES;
				COPY_PHASE_STRIP = NO;
				DEBUG_INFORMATION_FORMAT = dwarf;
				ENABLE_STRICT_OBJC_MSGSEND = YES;
				ENABLE_TESTABILITY = YES;
				GCC_C_LANGUAGE_STANDARD = gnu11;
				GCC_DYNAMIC_NO_PIC = NO;
				GCC_NO_COMMON_BLOCKS = YES;
				GCC_OPTIMIZATION_LEVEL = 0;
				GCC_PREPROCESSOR_DEFINITIONS = (
					"DEBUG=1",
					"$(inherited)",
				);
				GCC_WARN_64_TO_32_BIT_CONVERSION = YES;
				GCC_WARN_ABOUT_RETURN_TYPE = YES_ERROR;
				GCC_WARN_UNDECLARED_SELECTOR = YES;
				GCC_WARN_UNINITIALIZED_AUTOS = YES_AGGRESSIVE;
				GCC_WARN_UNUSED_FUNCTION = YES;
				GCC_WARN_UNUSED_VARIABLE = YES;
				MACOSX_DEPLOYMENT_TARGET = 13.3;
				MTL_ENABLE_DEBUG_INFO = INCLUDE_SOURCE;
				MTL_FAST_MATH = YES;
				ONLY_ACTIVE_ARCH = YES;
				SDKROOT = macosx;
				SWIFT_ACTIVE_COMPILATION_CONDITIONS = DEBUG;
				SWIFT_OPTIMIZATION_LEVEL = "-Onone";
			};
			name = Debug;
		};
		D332102B2A2790A700607F04 /* Release */ = {
			isa = XCBuildConfiguration;
			buildSettings = {
				ALWAYS_SEARCH_USER_PATHS = NO;
				CLANG_ANALYZER_NONNULL = YES;
				CLANG_ANALYZER_NUMBER_OBJECT_CONVERSION = YES_AGGRESSIVE;
				CLANG_CXX_LANGUAGE_STANDARD = "gnu++20";
				CLANG_ENABLE_MODULES = YES;
				CLANG_ENABLE_OBJC_ARC = YES;
				CLANG_ENABLE_OBJC_WEAK = YES;
				CLANG_WARN_BLOCK_CAPTURE_AUTORELEASING = YES;
				CLANG_WARN_BOOL_CONVERSION = YES;
				CLANG_WARN_COMMA = YES;
				CLANG_WARN_CONSTANT_CONVERSION = YES;
				CLANG_WARN_DEPRECATED_OBJC_IMPLEMENTATIONS = YES;
				CLANG_WARN_DIRECT_OBJC_ISA_USAGE = YES_ERROR;
				CLANG_WARN_DOCUMENTATION_COMMENTS = YES;
				CLANG_WARN_EMPTY_BODY = YES;
				CLANG_WARN_ENUM_CONVERSION = YES;
				CLANG_WARN_INFINITE_RECURSION = YES;
				CLANG_WARN_INT_CONVERSION = YES;
				CLANG_WARN_NON_LITERAL_NULL_CONVERSION = YES;
				CLANG_WARN_OBJC_IMPLICIT_RETAIN_SELF = YES;
				CLANG_WARN_OBJC_LITERAL_CONVERSION = YES;
				CLANG_WARN_OBJC_ROOT_CLASS = YES_ERROR;
				CLANG_WARN_QUOTED_INCLUDE_IN_FRAMEWORK_HEADER = YES;
				CLANG_WARN_RANGE_LOOP_ANALYSIS = YES;
				CLANG_WARN_STRICT_PROTOTYPES = YES;
				CLANG_WARN_SUSPICIOUS_MOVE = YES;
				CLANG_WARN_UNGUARDED_AVAILABILITY = YES_AGGRESSIVE;
				CLANG_WARN_UNREACHABLE_CODE = YES;
				CLANG_WARN__DUPLICATE_METHOD_MATCH = YES;
				COPY_PHASE_STRIP = NO;
				DEBUG_INFORMATION_FORMAT = "dwarf-with-dsym";
				ENABLE_NS_ASSERTIONS = NO;
				ENABLE_STRICT_OBJC_MSGSEND = YES;
				GCC_C_LANGUAGE_STANDARD = gnu11;
				GCC_NO_COMMON_BLOCKS = YES;
				GCC_WARN_64_TO_32_BIT_CONVERSION = YES;
				GCC_WARN_ABOUT_RETURN_TYPE = YES_ERROR;
				GCC_WARN_UNDECLARED_SELECTOR = YES;
				GCC_WARN_UNINITIALIZED_AUTOS = YES_AGGRESSIVE;
				GCC_WARN_UNUSED_FUNCTION = YES;
				GCC_WARN_UNUSED_VARIABLE = YES;
				MACOSX_DEPLOYMENT_TARGET = 13.3;
				MTL_ENABLE_DEBUG_INFO = NO;
				MTL_FAST_MATH = YES;
				SDKROOT = macosx;
				SWIFT_COMPILATION_MODE = wholemodule;
				SWIFT_OPTIMIZATION_LEVEL = "-O";
			};
			name = Release;
		};
		D332102D2A2790A700607F04 /* Debug */ = {
			isa = XCBuildConfiguration;
			buildSettings = {
				ASSETCATALOG_COMPILER_APPICON_NAME = AppIcon;
				ASSETCATALOG_COMPILER_GLOBAL_ACCENT_COLOR_NAME = AccentColor;
				CODE_SIGN_ENTITLEMENTS = "Classic Calc/Classic_Calc.entitlements";
				CODE_SIGN_STYLE = Automatic;
				COMBINE_HIDPI_IMAGES = YES;
				CURRENT_PROJECT_VERSION = 1;
				DEVELOPMENT_ASSET_PATHS = "\"Classic Calc/Preview Content\"";
				DEVELOPMENT_TEAM = B3DFV278UN;
				ENABLE_HARDENED_RUNTIME = YES;
				ENABLE_PREVIEWS = YES;
				GENERATE_INFOPLIST_FILE = YES;
				INFOPLIST_KEY_CFBundleDisplayName = "Classic Calc";
				INFOPLIST_KEY_LSApplicationCategoryType = "public.app-category.utilities";
				INFOPLIST_KEY_NSHumanReadableCopyright = "";
				LD_RUNPATH_SEARCH_PATHS = (
					"$(inherited)",
					"@executable_path/../Frameworks",
				);
				MACOSX_DEPLOYMENT_TARGET = 13.3;
				MARKETING_VERSION = 0.1.0;
				PRODUCT_BUNDLE_IDENTIFIER = "com.ghalldev.Classic-Calc";
				PRODUCT_NAME = "$(TARGET_NAME)";
				SWIFT_EMIT_LOC_STRINGS = YES;
				SWIFT_VERSION = 5.0;
			};
			name = Debug;
		};
		D332102E2A2790A700607F04 /* Release */ = {
			isa = XCBuildConfiguration;
			buildSettings = {
				ASSETCATALOG_COMPILER_APPICON_NAME = AppIcon;
				ASSETCATALOG_COMPILER_GLOBAL_ACCENT_COLOR_NAME = AccentColor;
				CODE_SIGN_ENTITLEMENTS = "Classic Calc/Classic_Calc.entitlements";
				CODE_SIGN_STYLE = Automatic;
				COMBINE_HIDPI_IMAGES = YES;
				CURRENT_PROJECT_VERSION = 1;
				DEVELOPMENT_ASSET_PATHS = "\"Classic Calc/Preview Content\"";
				DEVELOPMENT_TEAM = B3DFV278UN;
				ENABLE_HARDENED_RUNTIME = YES;
				ENABLE_PREVIEWS = YES;
				GENERATE_INFOPLIST_FILE = YES;
				INFOPLIST_KEY_CFBundleDisplayName = "Classic Calc";
				INFOPLIST_KEY_LSApplicationCategoryType = "public.app-category.utilities";
				INFOPLIST_KEY_NSHumanReadableCopyright = "";
				LD_RUNPATH_SEARCH_PATHS = (
					"$(inherited)",
					"@executable_path/../Frameworks",
				);
				MACOSX_DEPLOYMENT_TARGET = 13.3;
				MARKETING_VERSION = 0.1.0;
				PRODUCT_BUNDLE_IDENTIFIER = "com.ghalldev.Classic-Calc";
				PRODUCT_NAME = "$(TARGET_NAME)";
				SWIFT_EMIT_LOC_STRINGS = YES;
				SWIFT_VERSION = 5.0;
			};
			name = Release;
		};
/* End XCBuildConfiguration section */

/* Begin XCConfigurationList section */
		D33210182A2790A500607F04 /* Build configuration list for PBXProject "Classic Calc" */ = {
			isa = XCConfigurationList;
			buildConfigurations = (
				D332102A2A2790A700607F04 /* Debug */,
				D332102B2A2790A700607F04 /* Release */,
			);
			defaultConfigurationIsVisible = 0;
			defaultConfigurationName = Release;
		};
		D332102C2A2790A700607F04 /* Build configuration list for PBXNativeTarget "Classic Calc" */ = {
			isa = XCConfigurationList;
			buildConfigurations = (
				D332102D2A2790A700607F04 /* Debug */,
				D332102E2A2790A700607F04 /* Release */,
			);
			defaultConfigurationIsVisible = 0;
			defaultConfigurationName = Release;
		};
/* End XCConfigurationList section */

/* Begin XCRemoteSwiftPackageReference section */
		D33D24C02A2CEC89003E9DC4 /* XCRemoteSwiftPackageReference "swift-math-parser" */ = {
			isa = XCRemoteSwiftPackageReference;
			repositoryURL = "https://github.com/bradhowes/swift-math-parser";
			requirement = {
				kind = upToNextMajorVersion;
				minimumVersion = 3.0.0;
			};
		};
/* End XCRemoteSwiftPackageReference section */

/* Begin XCSwiftPackageProductDependency section */
		D33D24C12A2CEC89003E9DC4 /* MathParser */ = {
			isa = XCSwiftPackageProductDependency;
			package = D33D24C02A2CEC89003E9DC4 /* XCRemoteSwiftPackageReference "swift-math-parser" */;
			productName = MathParser;
		};
/* End XCSwiftPackageProductDependency section */
	};
	rootObject = D33210152A2790A500607F04 /* Project object */;
}
